
Microsoft Visual Studio Solution File, Format Version 12.00
# Visual Studio 2012
Project("{FAE04EC0-301F-11D3-BF4B-00C04F79EFBC}") = "HttpAuthModule", "HttpAuthModule\HttpAuthModule.csproj", "{1A44DED2-08B4-48DC-972F-A0CF24AD59A4}"
EndProject
Project("{FAE04EC0-301F-11D3-BF4B-00C04F79EFBC}") = "HttpAuthModule.SampleWeb", "HttpAuthModule.SampleWeb\HttpAuthModule.SampleWeb.csproj", "{BC5ECB90-61AD-4711-9711-1BF7635415C3}"
EndProject
Global
	GlobalSection(SolutionConfigurationPlatforms) = preSolution
		Debug|Any CPU = Debug|Any CPU
		Release|Any CPU = Release|Any CPU
	EndGlobalSection
	GlobalSection(ProjectConfigurationPlatforms) = postSolution
		{1A44DED2-08B4-48DC-972F-A0CF24AD59A4}.Debug|Any CPU.ActiveCfg = Debug|Any CPU
		{1A44DED2-08B4-48DC-972F-A0CF24AD59A4}.Debug|Any CPU.Build.0 = Debug|Any CPU
		{1A44DED2-08B4-48DC-972F-A0CF24AD59A4}.Release|Any CPU.ActiveCfg = Release|Any CPU
		{1A44DED2-08B4-48DC-972F-A0CF24AD59A4}.Release|Any CPU.Build.0 = Release|Any CPU
		{BC5ECB90-61AD-4711-9711-1BF7635415C3}.Debug|Any CPU.ActiveCfg = Debug|Any CPU
		{BC5ECB90-61AD-4711-9711-1BF7635415C3}.Debug|Any CPU.Build.0 = Debug|Any CPU
		{BC5ECB90-61AD-4711-9711-1BF7635415C3}.Release|Any CPU.ActiveCfg = Release|Any CPU
		{BC5ECB90-61AD-4711-9711-1BF7635415C3}.Release|Any CPU.Build.0 = Release|Any CPU
	EndGlobalSection
	GlobalSection(SolutionProperties) = preSolution
		HideSolutionNode = FALSE
	EndGlobalSection
EndGlobal
